
Microsoft Visual Studio Solution File, Format Version 12.00
# Visual Studio Version 17
VisualStudioVersion = 17.3.32825.248
MinimumVisualStudioVersion = 10.0.40219.1
Project("{FAE04EC0-301F-11D3-BF4B-00C04F79EFBC}") = "MediatorPattern1", "MediatorPattern1\MediatorPattern1.csproj", "{36EA4FF9-7CB6-433F-A4A1-73E08DE524DF}"
EndProject
Global
	GlobalSection(SolutionConfigurationPlatforms) = preSolution
		Debug|Any CPU = Debug|Any CPU
		Release|Any CPU = Release|Any CPU
	EndGlobalSection
	GlobalSection(ProjectConfigurationPlatforms) = postSolution
		{36EA4FF9-7CB6-433F-A4A1-73E08DE524DF}.Debug|Any CPU.ActiveCfg = Debug|Any CPU
		{36EA4FF9-7CB6-433F-A4A1-73E08DE524DF}.Debug|Any CPU.Build.0 = Debug|Any CPU
		{36EA4FF9-7CB6-433F-A4A1-73E08DE524DF}.Release|Any CPU.ActiveCfg = Release|Any CPU
		{36EA4FF9-7CB6-433F-A4A1-73E08DE524DF}.Release|Any CPU.Build.0 = Release|Any CPU
	EndGlobalSection
	GlobalSection(SolutionProperties) = preSolution
		HideSolutionNode = FALSE
	EndGlobalSection
	GlobalSection(ExtensibilityGlobals) = postSolution
		SolutionGuid = {BF904E79-D9E0-4E17-BAFC-7DC81CABD477}
	EndGlobalSection
EndGlobal
